// !$*UTF8*$!
{
	archiveVersion = 1;
	classes = {
	};
	objectVersion = 50;
	objects = {

/* Begin PBXBuildFile section */
		1B0118642ACE9BFD007FD3EF /* AppDelegate.swift in Sources */ = {isa = PBXBuildFile; fileRef = 1B0118632ACE9BFD007FD3EF /* AppDelegate.swift */; };
		1B0118662ACE9BFD007FD3EF /* SceneDelegate.swift in Sources */ = {isa = PBXBuildFile; fileRef = 1B0118652ACE9BFD007FD3EF /* SceneDelegate.swift */; };
		1B0118682ACE9BFD007FD3EF /* ViewController.swift in Sources */ = {isa = PBXBuildFile; fileRef = 1B0118672ACE9BFD007FD3EF /* ViewController.swift */; };
		1B01186B2ACE9BFD007FD3EF /* Main.storyboard in Resources */ = {isa = PBXBuildFile; fileRef = 1B0118692ACE9BFD007FD3EF /* Main.storyboard */; };
		1B01186D2ACE9BFF007FD3EF /* Assets.xcassets in Resources */ = {isa = PBXBuildFile; fileRef = 1B01186C2ACE9BFF007FD3EF /* Assets.xcassets */; };
		1B0118702ACE9BFF007FD3EF /* LaunchScreen.storyboard in Resources */ = {isa = PBXBuildFile; fileRef = 1B01186E2ACE9BFF007FD3EF /* LaunchScreen.storyboard */; };
		1B01187B2ACE9BFF007FD3EF /* ejemplo2DiTema1Tests.swift in Sources */ = {isa = PBXBuildFile; fileRef = 1B01187A2ACE9BFF007FD3EF /* ejemplo2DiTema1Tests.swift */; };
		1B0118862ACE9BFF007FD3EF /* ejemplo2DiTema1UITests.swift in Sources */ = {isa = PBXBuildFile; fileRef = 1B0118852ACE9BFF007FD3EF /* ejemplo2DiTema1UITests.swift */; };
/* End PBXBuildFile section */

/* Begin PBXContainerItemProxy section */
		1B0118772ACE9BFF007FD3EF /* PBXContainerItemProxy */ = {
			isa = PBXContainerItemProxy;
			containerPortal = 1B0118582ACE9BFD007FD3EF /* Project object */;
			proxyType = 1;
			remoteGlobalIDString = 1B01185F2ACE9BFD007FD3EF;
			remoteInfo = ejemplo2DiTema1;
		};
		1B0118822ACE9BFF007FD3EF /* PBXContainerItemProxy */ = {
			isa = PBXContainerItemProxy;
			containerPortal = 1B0118582ACE9BFD007FD3EF /* Project object */;
			proxyType = 1;
			remoteGlobalIDString = 1B01185F2ACE9BFD007FD3EF;
			remoteInfo = ejemplo2DiTema1;
		};
/* End PBXContainerItemProxy section */

/* Begin PBXFileReference section */
		1B0118602ACE9BFD007FD3EF /* ejemplo2DiTema1.app */ = {isa = PBXFileReference; explicitFileType = wrapper.application; includeInIndex = 0; path = ejemplo2DiTema1.app; sourceTree = BUILT_PRODUCTS_DIR; };
		1B0118632ACE9BFD007FD3EF /* AppDelegate.swift */ = {isa = PBXFileReference; lastKnownFileType = sourcecode.swift; path = AppDelegate.swift; sourceTree = "<group>"; };
		1B0118652ACE9BFD007FD3EF /* SceneDelegate.swift */ = {isa = PBXFileReference; lastKnownFileType = sourcecode.swift; path = SceneDelegate.swift; sourceTree = "<group>"; };
		1B0118672ACE9BFD007FD3EF /* ViewController.swift */ = {isa = PBXFileReference; lastKnownFileType = sourcecode.swift; path = ViewController.swift; sourceTree = "<group>"; };
		1B01186A2ACE9BFD007FD3EF /* Base */ = {isa = PBXFileReference; lastKnownFileType = file.storyboard; name = Base; path = Base.lproj/Main.storyboard; sourceTree = "<group>"; };
		1B01186C2ACE9BFF007FD3EF /* Assets.xcassets */ = {isa = PBXFileReference; lastKnownFileType = folder.assetcatalog; path = Assets.xcassets; sourceTree = "<group>"; };
		1B01186F2ACE9BFF007FD3EF /* Base */ = {isa = PBXFileReference; lastKnownFileType = file.storyboard; name = Base; path = Base.lproj/LaunchScreen.storyboard; sourceTree = "<group>"; };
		1B0118712ACE9BFF007FD3EF /* Info.plist */ = {isa = PBXFileReference; lastKnownFileType = text.plist.xml; path = Info.plist; sourceTree = "<group>"; };
		1B0118762ACE9BFF007FD3EF /* ejemplo2DiTema1Tests.xctest */ = {isa = PBXFileReference; explicitFileType = wrapper.cfbundle; includeInIndex = 0; path = ejemplo2DiTema1Tests.xctest; sourceTree = BUILT_PRODUCTS_DIR; };
		1B01187A2ACE9BFF007FD3EF /* ejemplo2DiTema1Tests.swift */ = {isa = PBXFileReference; lastKnownFileType = sourcecode.swift; path = ejemplo2DiTema1Tests.swift; sourceTree = "<group>"; };
		1B01187C2ACE9BFF007FD3EF /* Info.plist */ = {isa = PBXFileReference; lastKnownFileType = text.plist.xml; path = Info.plist; sourceTree = "<group>"; };
		1B0118812ACE9BFF007FD3EF /* ejemplo2DiTema1UITests.xctest */ = {isa = PBXFileReference; explicitFileType = wrapper.cfbundle; includeInIndex = 0; path = ejemplo2DiTema1UITests.xctest; sourceTree = BUILT_PRODUCTS_DIR; };
		1B0118852ACE9BFF007FD3EF /* ejemplo2DiTema1UITests.swift */ = {isa = PBXFileReference; lastKnownFileType = sourcecode.swift; path = ejemplo2DiTema1UITests.swift; sourceTree = "<group>"; };
		1B0118872ACE9BFF007FD3EF /* Info.plist */ = {isa = PBXFileReference; lastKnownFileType = text.plist.xml; path = Info.plist; sourceTree = "<group>"; };
/* End PBXFileReference section */

/* Begin PBXFrameworksBuildPhase section */
		1B01185D2ACE9BFD007FD3EF /* Frameworks */ = {
			isa = PBXFrameworksBuildPhase;
			buildActionMask = 2147483647;
			files = (
			);
			runOnlyForDeploymentPostprocessing = 0;
		};
		1B0118732ACE9BFF007FD3EF /* Frameworks */ = {
			isa = PBXFrameworksBuildPhase;
			buildActionMask = 2147483647;
			files = (
			);
			runOnlyForDeploymentPostprocessing = 0;
		};
		1B01187E2ACE9BFF007FD3EF /* Frameworks */ = {
			isa = PBXFrameworksBuildPhase;
			buildActionMask = 2147483647;
			files = (
			);
			runOnlyForDeploymentPostprocessing = 0;
		};
/* End PBXFrameworksBuildPhase section */

/* Begin PBXGroup section */
		1B0118572ACE9BFD007FD3EF = {
			isa = PBXGroup;
			children = (
				1B0118622ACE9BFD007FD3EF /* ejemplo2DiTema1 */,
				1B0118792ACE9BFF007FD3EF /* ejemplo2DiTema1Tests */,
				1B0118842ACE9BFF007FD3EF /* ejemplo2DiTema1UITests */,
				1B0118612ACE9BFD007FD3EF /* Products */,
			);
			sourceTree = "<group>";
		};
		1B0118612ACE9BFD007FD3EF /* Products */ = {
			isa = PBXGroup;
			children = (
				1B0118602ACE9BFD007FD3EF /* ejemplo2DiTema1.app */,
				1B0118762ACE9BFF007FD3EF /* ejemplo2DiTema1Tests.xctest */,
				1B0118812ACE9BFF007FD3EF /* ejemplo2DiTema1UITests.xctest */,
			);
			name = Products;
			sourceTree = "<group>";
		};
		1B0118622ACE9BFD007FD3EF /* ejemplo2DiTema1 */ = {
			isa = PBXGroup;
			children = (
				1B0118632ACE9BFD007FD3EF /* AppDelegate.swift */,
				1B0118652ACE9BFD007FD3EF /* SceneDelegate.swift */,
				1B0118672ACE9BFD007FD3EF /* ViewController.swift */,
				1B0118692ACE9BFD007FD3EF /* Main.storyboard */,
				1B01186C2ACE9BFF007FD3EF /* Assets.xcassets */,
				1B01186E2ACE9BFF007FD3EF /* LaunchScreen.storyboard */,
				1B0118712ACE9BFF007FD3EF /* Info.plist */,
			);
			path = ejemplo2DiTema1;
			sourceTree = "<group>";
		};
		1B0118792ACE9BFF007FD3EF /* ejemplo2DiTema1Tests */ = {
			isa = PBXGroup;
			children = (
				1B01187A2ACE9BFF007FD3EF /* ejemplo2DiTema1Tests.swift */,
				1B01187C2ACE9BFF007FD3EF /* Info.plist */,
			);
			path = ejemplo2DiTema1Tests;
			sourceTree = "<group>";
		};
		1B0118842ACE9BFF007FD3EF /* ejemplo2DiTema1UITests */ = {
			isa = PBXGroup;
			children = (
				1B0118852ACE9BFF007FD3EF /* ejemplo2DiTema1UITests.swift */,
				1B0118872ACE9BFF007FD3EF /* Info.plist */,
			);
			path = ejemplo2DiTema1UITests;
			sourceTree = "<group>";
		};
/* End PBXGroup section */

/* Begin PBXNativeTarget section */
		1B01185F2ACE9BFD007FD3EF /* ejemplo2DiTema1 */ = {
			isa = PBXNativeTarget;
			buildConfigurationList = 1B01188A2ACE9BFF007FD3EF /* Build configuration list for PBXNativeTarget "ejemplo2DiTema1" */;
			buildPhases = (
				1B01185C2ACE9BFD007FD3EF /* Sources */,
				1B01185D2ACE9BFD007FD3EF /* Frameworks */,
				1B01185E2ACE9BFD007FD3EF /* Resources */,
			);
			buildRules = (
			);
			dependencies = (
			);
			name = ejemplo2DiTema1;
			productName = ejemplo2DiTema1;
			productReference = 1B0118602ACE9BFD007FD3EF /* ejemplo2DiTema1.app */;
			productType = "com.apple.product-type.application";
		};
		1B0118752ACE9BFF007FD3EF /* ejemplo2DiTema1Tests */ = {
			isa = PBXNativeTarget;
			buildConfigurationList = 1B01188D2ACE9BFF007FD3EF /* Build configuration list for PBXNativeTarget "ejemplo2DiTema1Tests" */;
			buildPhases = (
				1B0118722ACE9BFF007FD3EF /* Sources */,
				1B0118732ACE9BFF007FD3EF /* Frameworks */,
				1B0118742ACE9BFF007FD3EF /* Resources */,
			);
			buildRules = (
			);
			dependencies = (
				1B0118782ACE9BFF007FD3EF /* PBXTargetDependency */,
			);
			name = ejemplo2DiTema1Tests;
			productName = ejemplo2DiTema1Tests;
			productReference = 1B0118762ACE9BFF007FD3EF /* ejemplo2DiTema1Tests.xctest */;
			productType = "com.apple.product-type.bundle.unit-test";
		};
		1B0118802ACE9BFF007FD3EF /* ejemplo2DiTema1UITests */ = {
			isa = PBXNativeTarget;
			buildConfigurationList = 1B0118902ACE9BFF007FD3EF /* Build configuration list for PBXNativeTarget "ejemplo2DiTema1UITests" */;
			buildPhases = (
				1B01187D2ACE9BFF007FD3EF /* Sources */,
				1B01187E2ACE9BFF007FD3EF /* Frameworks */,
				1B01187F2ACE9BFF007FD3EF /* Resources */,
			);
			buildRules = (
			);
			dependencies = (
				1B0118832ACE9BFF007FD3EF /* PBXTargetDependency */,
			);
			name = ejemplo2DiTema1UITests;
			productName = ejemplo2DiTema1UITests;
			productReference = 1B0118812ACE9BFF007FD3EF /* ejemplo2DiTema1UITests.xctest */;
			productType = "com.apple.product-type.bundle.ui-testing";
		};
/* End PBXNativeTarget section */

/* Begin PBXProject section */
		1B0118582ACE9BFD007FD3EF /* Project object */ = {
			isa = PBXProject;
			attributes = {
				LastSwiftUpdateCheck = 1240;
				LastUpgradeCheck = 1240;
				TargetAttributes = {
					1B01185F2ACE9BFD007FD3EF = {
						CreatedOnToolsVersion = 12.4;
					};
					1B0118752ACE9BFF007FD3EF = {
						CreatedOnToolsVersion = 12.4;
						TestTargetID = 1B01185F2ACE9BFD007FD3EF;
					};
					1B0118802ACE9BFF007FD3EF = {
						CreatedOnToolsVersion = 12.4;
						TestTargetID = 1B01185F2ACE9BFD007FD3EF;
					};
				};
			};
			buildConfigurationList = 1B01185B2ACE9BFD007FD3EF /* Build configuration list for PBXProject "ejemplo2DiTema1" */;
			compatibilityVersion = "Xcode 9.3";
			developmentRegion = en;
			hasScannedForEncodings = 0;
			knownRegions = (
				en,
				Base,
			);
			mainGroup = 1B0118572ACE9BFD007FD3EF;
			productRefGroup = 1B0118612ACE9BFD007FD3EF /* Products */;
			projectDirPath = "";
			projectRoot = "";
			targets = (
				1B01185F2ACE9BFD007FD3EF /* ejemplo2DiTema1 */,
				1B0118752ACE9BFF007FD3EF /* ejemplo2DiTema1Tests */,
				1B0118802ACE9BFF007FD3EF /* ejemplo2DiTema1UITests */,
			);
		};
/* End PBXProject section */

/* Begin PBXResourcesBuildPhase section */
		1B01185E2ACE9BFD007FD3EF /* Resources */ = {
			isa = PBXResourcesBuildPhase;
			buildActionMask = 2147483647;
			files = (
				1B0118702ACE9BFF007FD3EF /* LaunchScreen.storyboard in Resources */,
				1B01186D2ACE9BFF007FD3EF /* Assets.xcassets in Resources */,
				1B01186B2ACE9BFD007FD3EF /* Main.storyboard in Resources */,
			);
			runOnlyForDeploymentPostprocessing = 0;
		};
		1B0118742ACE9BFF007FD3EF /* Resources */ = {
			isa = PBXResourcesBuildPhase;
			buildActionMask = 2147483647;
			files = (
			);
			runOnlyForDeploymentPostprocessing = 0;
		};
		1B01187F2ACE9BFF007FD3EF /* Resources */ = {
			isa = PBXResourcesBuildPhase;
			buildActionMask = 2147483647;
			files = (
			);
			runOnlyForDeploymentPostprocessing = 0;
		};
/* End PBXResourcesBuildPhase section */

/* Begin PBXSourcesBuildPhase section */
		1B01185C2ACE9BFD007FD3EF /* Sources */ = {
			isa = PBXSourcesBuildPhase;
			buildActionMask = 2147483647;
			files = (
				1B0118682ACE9BFD007FD3EF /* ViewController.swift in Sources */,
				1B0118642ACE9BFD007FD3EF /* AppDelegate.swift in Sources */,
				1B0118662ACE9BFD007FD3EF /* SceneDelegate.swift in Sources */,
			);
			runOnlyForDeploymentPostprocessing = 0;
		};
		1B0118722ACE9BFF007FD3EF /* Sources */ = {
			isa = PBXSourcesBuildPhase;
			buildActionMask = 2147483647;
			files = (
				1B01187B2ACE9BFF007FD3EF /* ejemplo2DiTema1Tests.swift in Sources */,
			);
			runOnlyForDeploymentPostprocessing = 0;
		};
		1B01187D2ACE9BFF007FD3EF /* Sources */ = {
			isa = PBXSourcesBuildPhase;
			buildActionMask = 2147483647;
			files = (
				1B0118862ACE9BFF007FD3EF /* ejemplo2DiTema1UITests.swift in Sources */,
			);
			runOnlyForDeploymentPostprocessing = 0;
		};
/* End PBXSourcesBuildPhase section */

/* Begin PBXTargetDependency section */
		1B0118782ACE9BFF007FD3EF /* PBXTargetDependency */ = {
			isa = PBXTargetDependency;
			target = 1B01185F2ACE9BFD007FD3EF /* ejemplo2DiTema1 */;
			targetProxy = 1B0118772ACE9BFF007FD3EF /* PBXContainerItemProxy */;
		};
		1B0118832ACE9BFF007FD3EF /* PBXTargetDependency */ = {
			isa = PBXTargetDependency;
			target = 1B01185F2ACE9BFD007FD3EF /* ejemplo2DiTema1 */;
			targetProxy = 1B0118822ACE9BFF007FD3EF /* PBXContainerItemProxy */;
		};
/* End PBXTargetDependency section */

/* Begin PBXVariantGroup section */
		1B0118692ACE9BFD007FD3EF /* Main.storyboard */ = {
			isa = PBXVariantGroup;
			children = (
				1B01186A2ACE9BFD007FD3EF /* Base */,
			);
			name = Main.storyboard;
			sourceTree = "<group>";
		};
		1B01186E2ACE9BFF007FD3EF /* LaunchScreen.storyboard */ = {
			isa = PBXVariantGroup;
			children = (
				1B01186F2ACE9BFF007FD3EF /* Base */,
			);
			name = LaunchScreen.storyboard;
			sourceTree = "<group>";
		};
/* End PBXVariantGroup section */

/* Begin XCBuildConfiguration section */
		1B0118882ACE9BFF007FD3EF /* Debug */ = {
			isa = XCBuildConfiguration;
			buildSettings = {
				ALWAYS_SEARCH_USER_PATHS = NO;
				CLANG_ANALYZER_NONNULL = YES;
				CLANG_ANALYZER_NUMBER_OBJECT_CONVERSION = YES_AGGRESSIVE;
				CLANG_CXX_LANGUAGE_STANDARD = "gnu++14";
				CLANG_CXX_LIBRARY = "libc++";
				CLANG_ENABLE_MODULES = YES;
				CLANG_ENABLE_OBJC_ARC = YES;
				CLANG_ENABLE_OBJC_WEAK = YES;
				CLANG_WARN_BLOCK_CAPTURE_AUTORELEASING = YES;
				CLANG_WARN_BOOL_CONVERSION = YES;
				CLANG_WARN_COMMA = YES;
				CLANG_WARN_CONSTANT_CONVERSION = YES;
				CLANG_WARN_DEPRECATED_OBJC_IMPLEMENTATIONS = YES;
				CLANG_WARN_DIRECT_OBJC_ISA_USAGE = YES_ERROR;
				CLANG_WARN_DOCUMENTATION_COMMENTS = YES;
				CLANG_WARN_EMPTY_BODY = YES;
				CLANG_WARN_ENUM_CONVERSION = YES;
				CLANG_WARN_INFINITE_RECURSION = YES;
				CLANG_WARN_INT_CONVERSION = YES;
				CLANG_WARN_NON_LITERAL_NULL_CONVERSION = YES;
				CLANG_WARN_OBJC_IMPLICIT_RETAIN_SELF = YES;
				CLANG_WARN_OBJC_LITERAL_CONVERSION = YES;
				CLANG_WARN_OBJC_ROOT_CLASS = YES_ERROR;
				CLANG_WARN_QUOTED_INCLUDE_IN_FRAMEWORK_HEADER = YES;
				CLANG_WARN_RANGE_LOOP_ANALYSIS = YES;
				CLANG_WARN_STRICT_PROTOTYPES = YES;
				CLANG_WARN_SUSPICIOUS_MOVE = YES;
				CLANG_WARN_UNGUARDED_AVAILABILITY = YES_AGGRESSIVE;
				CLANG_WARN_UNREACHABLE_CODE = YES;
				CLANG_WARN__DUPLICATE_METHOD_MATCH = YES;
				COPY_PHASE_STRIP = NO;
				DEBUG_INFORMATION_FORMAT = dwarf;
				ENABLE_STRICT_OBJC_MSGSEND = YES;
				ENABLE_TESTABILITY = YES;
				GCC_C_LANGUAGE_STANDARD = gnu11;
				GCC_DYNAMIC_NO_PIC = NO;
				GCC_NO_COMMON_BLOCKS = YES;
				GCC_OPTIMIZATION_LEVEL = 0;
				GCC_PREPROCESSOR_DEFINITIONS = (
					"DEBUG=1",
					"$(inherited)",
				);
				GCC_WARN_64_TO_32_BIT_CONVERSION = YES;
				GCC_WARN_ABOUT_RETURN_TYPE = YES_ERROR;
				GCC_WARN_UNDECLARED_SELECTOR = YES;
				GCC_WARN_UNINITIALIZED_AUTOS = YES_AGGRESSIVE;
				GCC_WARN_UNUSED_FUNCTION = YES;
				GCC_WARN_UNUSED_VARIABLE = YES;
				IPHONEOS_DEPLOYMENT_TARGET = 14.4;
				MTL_ENABLE_DEBUG_INFO = INCLUDE_SOURCE;
				MTL_FAST_MATH = YES;
				ONLY_ACTIVE_ARCH = YES;
				SDKROOT = iphoneos;
				SWIFT_ACTIVE_COMPILATION_CONDITIONS = DEBUG;
				SWIFT_OPTIMIZATION_LEVEL = "-Onone";
			};
			name = Debug;
		};
		1B0118892ACE9BFF007FD3EF /* Release */ = {
			isa = XCBuildConfiguration;
			buildSettings = {
				ALWAYS_SEARCH_USER_PATHS = NO;
				CLANG_ANALYZER_NONNULL = YES;
				CLANG_ANALYZER_NUMBER_OBJECT_CONVERSION = YES_AGGRESSIVE;
				CLANG_CXX_LANGUAGE_STANDARD = "gnu++14";
				CLANG_CXX_LIBRARY = "libc++";
				CLANG_ENABLE_MODULES = YES;
				CLANG_ENABLE_OBJC_ARC = YES;
				CLANG_ENABLE_OBJC_WEAK = YES;
				CLANG_WARN_BLOCK_CAPTURE_AUTORELEASING = YES;
				CLANG_WARN_BOOL_CONVERSION = YES;
				CLANG_WARN_COMMA = YES;
				CLANG_WARN_CONSTANT_CONVERSION = YES;
				CLANG_WARN_DEPRECATED_OBJC_IMPLEMENTATIONS = YES;
				CLANG_WARN_DIRECT_OBJC_ISA_USAGE = YES_ERROR;
				CLANG_WARN_DOCUMENTATION_COMMENTS = YES;
				CLANG_WARN_EMPTY_BODY = YES;
				CLANG_WARN_ENUM_CONVERSION = YES;
				CLANG_WARN_INFINITE_RECURSION = YES;
				CLANG_WARN_INT_CONVERSION = YES;
				CLANG_WARN_NON_LITERAL_NULL_CONVERSION = YES;
				CLANG_WARN_OBJC_IMPLICIT_RETAIN_SELF = YES;
				CLANG_WARN_OBJC_LITERAL_CONVERSION = YES;
				CLANG_WARN_OBJC_ROOT_CLASS = YES_ERROR;
				CLANG_WARN_QUOTED_INCLUDE_IN_FRAMEWORK_HEADER = YES;
				CLANG_WARN_RANGE_LOOP_ANALYSIS = YES;
				CLANG_WARN_STRICT_PROTOTYPES = YES;
				CLANG_WARN_SUSPICIOUS_MOVE = YES;
				CLANG_WARN_UNGUARDED_AVAILABILITY = YES_AGGRESSIVE;
				CLANG_WARN_UNREACHABLE_CODE = YES;
				CLANG_WARN__DUPLICATE_METHOD_MATCH = YES;
				COPY_PHASE_STRIP = NO;
				DEBUG_INFORMATION_FORMAT = "dwarf-with-dsym";
				ENABLE_NS_ASSERTIONS = NO;
				ENABLE_STRICT_OBJC_MSGSEND = YES;
				GCC_C_LANGUAGE_STANDARD = gnu11;
				GCC_NO_COMMON_BLOCKS = YES;
				GCC_WARN_64_TO_32_BIT_CONVERSION = YES;
				GCC_WARN_ABOUT_RETURN_TYPE = YES_ERROR;
				GCC_WARN_UNDECLARED_SELECTOR = YES;
				GCC_WARN_UNINITIALIZED_AUTOS = YES_AGGRESSIVE;
				GCC_WARN_UNUSED_FUNCTION = YES;
				GCC_WARN_UNUSED_VARIABLE = YES;
				IPHONEOS_DEPLOYMENT_TARGET = 14.4;
				MTL_ENABLE_DEBUG_INFO = NO;
				MTL_FAST_MATH = YES;
				SDKROOT = iphoneos;
				SWIFT_COMPILATION_MODE = wholemodule;
				SWIFT_OPTIMIZATION_LEVEL = "-O";
				VALIDATE_PRODUCT = YES;
			};
			name = Release;
		};
		1B01188B2ACE9BFF007FD3EF /* Debug */ = {
			isa = XCBuildConfiguration;
			buildSettings = {
				ASSETCATALOG_COMPILER_APPICON_NAME = AppIcon;
				ASSETCATALOG_COMPILER_GLOBAL_ACCENT_COLOR_NAME = AccentColor;
				CODE_SIGN_STYLE = Automatic;
				INFOPLIST_FILE = ejemplo2DiTema1/Info.plist;
				LD_RUNPATH_SEARCH_PATHS = (
					"$(inherited)",
					"@executable_path/Frameworks",
				);
				PRODUCT_BUNDLE_IDENTIFIER = montacer.elfazazi.ejemplo2DiTema1;
				PRODUCT_NAME = "$(TARGET_NAME)";
				SWIFT_VERSION = 5.0;
				TARGETED_DEVICE_FAMILY = "1,2";
			};
			name = Debug;
		};
		1B01188C2ACE9BFF007FD3EF /* Release */ = {
			isa = XCBuildConfiguration;
			buildSettings = {
				ASSETCATALOG_COMPILER_APPICON_NAME = AppIcon;
				ASSETCATALOG_COMPILER_GLOBAL_ACCENT_COLOR_NAME = AccentColor;
				CODE_SIGN_STYLE = Automatic;
				INFOPLIST_FILE = ejemplo2DiTema1/Info.plist;
				LD_RUNPATH_SEARCH_PATHS = (
					"$(inherited)",
					"@executable_path/Frameworks",
				);
				PRODUCT_BUNDLE_IDENTIFIER = montacer.elfazazi.ejemplo2DiTema1;
				PRODUCT_NAME = "$(TARGET_NAME)";
				SWIFT_VERSION = 5.0;
				TARGETED_DEVICE_FAMILY = "1,2";
			};
			name = Release;
		};
		1B01188E2ACE9BFF007FD3EF /* Debug */ = {
			isa = XCBuildConfiguration;
			buildSettings = {
				ALWAYS_EMBED_SWIFT_STANDARD_LIBRARIES = YES;
				BUNDLE_LOADER = "$(TEST_HOST)";
				CODE_SIGN_STYLE = Automatic;
				INFOPLIST_FILE = ejemplo2DiTema1Tests/Info.plist;
				IPHONEOS_DEPLOYMENT_TARGET = 14.4;
				LD_RUNPATH_SEARCH_PATHS = (
					"$(inherited)",
					"@executable_path/Frameworks",
					"@loader_path/Frameworks",
				);
				PRODUCT_BUNDLE_IDENTIFIER = montacer.elfazazi.ejemplo2DiTema1Tests;
				PRODUCT_NAME = "$(TARGET_NAME)";
				SWIFT_VERSION = 5.0;
				TARGETED_DEVICE_FAMILY = "1,2";
				TEST_HOST = "$(BUILT_PRODUCTS_DIR)/ejemplo2DiTema1.app/ejemplo2DiTema1";
			};
			name = Debug;
		};
		1B01188F2ACE9BFF007FD3EF /* Release */ = {
			isa = XCBuildConfiguration;
			buildSettings = {
				ALWAYS_EMBED_SWIFT_STANDARD_LIBRARIES = YES;
				BUNDLE_LOADER = "$(TEST_HOST)";
				CODE_SIGN_STYLE = Automatic;
				INFOPLIST_FILE = ejemplo2DiTema1Tests/Info.plist;
				IPHONEOS_DEPLOYMENT_TARGET = 14.4;
				LD_RUNPATH_SEARCH_PATHS = (
					"$(inherited)",
					"@executable_path/Frameworks",
					"@loader_path/Frameworks",
				);
				PRODUCT_BUNDLE_IDENTIFIER = montacer.elfazazi.ejemplo2DiTema1Tests;
				PRODUCT_NAME = "$(TARGET_NAME)";
				SWIFT_VERSION = 5.0;
				TARGETED_DEVICE_FAMILY = "1,2";
				TEST_HOST = "$(BUILT_PRODUCTS_DIR)/ejemplo2DiTema1.app/ejemplo2DiTema1";
			};
			name = Release;
		};
		1B0118912ACE9BFF007FD3EF /* Debug */ = {
			isa = XCBuildConfiguration;
			buildSettings = {
				ALWAYS_EMBED_SWIFT_STANDARD_LIBRARIES = YES;
				CODE_SIGN_STYLE = Automatic;
				INFOPLIST_FILE = ejemplo2DiTema1UITests/Info.plist;
				LD_RUNPATH_SEARCH_PATHS = (
					"$(inherited)",
					"@executable_path/Frameworks",
					"@loader_path/Frameworks",
				);
				PRODUCT_BUNDLE_IDENTIFIER = montacer.elfazazi.ejemplo2DiTema1UITests;
				PRODUCT_NAME = "$(TARGET_NAME)";
				SWIFT_VERSION = 5.0;
				TARGETED_DEVICE_FAMILY = "1,2";
				TEST_TARGET_NAME = ejemplo2DiTema1;
			};
			name = Debug;
		};
		1B0118922ACE9BFF007FD3EF /* Release */ = {
			isa = XCBuildConfiguration;
			buildSettings = {
				ALWAYS_EMBED_SWIFT_STANDARD_LIBRARIES = YES;
				CODE_SIGN_STYLE = Automatic;
				INFOPLIST_FILE = ejemplo2DiTema1UITests/Info.plist;
				LD_RUNPATH_SEARCH_PATHS = (
					"$(inherited)",
					"@executable_path/Frameworks",
					"@loader_path/Frameworks",
				);
				PRODUCT_BUNDLE_IDENTIFIER = montacer.elfazazi.ejemplo2DiTema1UITests;
				PRODUCT_NAME = "$(TARGET_NAME)";
				SWIFT_VERSION = 5.0;
				TARGETED_DEVICE_FAMILY = "1,2";
				TEST_TARGET_NAME = ejemplo2DiTema1;
			};
			name = Release;
		};
/* End XCBuildConfiguration section */

/* Begin XCConfigurationList section */
		1B01185B2ACE9BFD007FD3EF /* Build configuration list for PBXProject "ejemplo2DiTema1" */ = {
			isa = XCConfigurationList;
			buildConfigurations = (
				1B0118882ACE9BFF007FD3EF /* Debug */,
				1B0118892ACE9BFF007FD3EF /* Release */,
			);
			defaultConfigurationIsVisible = 0;
			defaultConfigurationName = Release;
		};
		1B01188A2ACE9BFF007FD3EF /* Build configuration list for PBXNativeTarget "ejemplo2DiTema1" */ = {
			isa = XCConfigurationList;
			buildConfigurations = (
				1B01188B2ACE9BFF007FD3EF /* Debug */,
				1B01188C2ACE9BFF007FD3EF /* Release */,
			);
			defaultConfigurationIsVisible = 0;
			defaultConfigurationName = Release;
		};
		1B01188D2ACE9BFF007FD3EF /* Build configuration list for PBXNativeTarget "ejemplo2DiTema1Tests" */ = {
			isa = XCConfigurationList;
			buildConfigurations = (
				1B01188E2ACE9BFF007FD3EF /* Debug */,
				1B01188F2ACE9BFF007FD3EF /* Release */,
			);
			defaultConfigurationIsVisible = 0;
			defaultConfigurationName = Release;
		};
		1B0118902ACE9BFF007FD3EF /* Build configuration list for PBXNativeTarget "ejemplo2DiTema1UITests" */ = {
			isa = XCConfigurationList;
			buildConfigurations = (
				1B0118912ACE9BFF007FD3EF /* Debug */,
				1B0118922ACE9BFF007FD3EF /* Release */,
			);
			defaultConfigurationIsVisible = 0;
			defaultConfigurationName = Release;
		};
/* End XCConfigurationList section */
	};
	rootObject = 1B0118582ACE9BFD007FD3EF /* Project object */;
}
